
Microsoft Visual Studio Solution File, Format Version 12.00
# Visual Studio Version 17
VisualStudioVersion = 17.5.002.0
MinimumVisualStudioVersion = 10.0.40219.1
Project("{9A19103F-16F7-4668-BE54-9A1E7A4F7556}") = "API-POKEMON", "API-POKEMON.csproj", "{8A1F9995-FD48-49E6-9554-051186934E88}"
EndProject
Global
	GlobalSection(SolutionConfigurationPlatforms) = preSolution
		Debug|Any CPU = Debug|Any CPU
		Release|Any CPU = Release|Any CPU
	EndGlobalSection
	GlobalSection(ProjectConfigurationPlatforms) = postSolution
		{8A1F9995-FD48-49E6-9554-051186934E88}.Debug|Any CPU.ActiveCfg = Debug|Any CPU
		{8A1F9995-FD48-49E6-9554-051186934E88}.Debug|Any CPU.Build.0 = Debug|Any CPU
		{8A1F9995-FD48-49E6-9554-051186934E88}.Release|Any CPU.ActiveCfg = Release|Any CPU
		{8A1F9995-FD48-49E6-9554-051186934E88}.Release|Any CPU.Build.0 = Release|Any CPU
	EndGlobalSection
	GlobalSection(SolutionProperties) = preSolution
		HideSolutionNode = FALSE
	EndGlobalSection
	GlobalSection(ExtensibilityGlobals) = postSolution
		SolutionGuid = {4D495E50-2F00-4357-A748-98DAEEE063F1}
	EndGlobalSection
EndGlobal
